
Microsoft Visual Studio Solution File, Format Version 12.00
# Visual Studio Version 16
VisualStudioVersion = 16.0.30204.135
MinimumVisualStudioVersion = 10.0.40219.1
Project("{FAE04EC0-301F-11D3-BF4B-00C04F79EFBC}") = "Blowfish", "Blowfish.csproj", "{0A76F84F-75B8-4251-8F89-0FD8D7EF5E05}"
EndProject
Global
	GlobalSection(SolutionConfigurationPlatforms) = preSolution
		Debug|Any CPU = Debug|Any CPU
		Release|Any CPU = Release|Any CPU
	EndGlobalSection
	GlobalSection(ProjectConfigurationPlatforms) = postSolution
		{0A76F84F-75B8-4251-8F89-0FD8D7EF5E05}.Debug|Any CPU.ActiveCfg = Debug|Any CPU
		{0A76F84F-75B8-4251-8F89-0FD8D7EF5E05}.Debug|Any CPU.Build.0 = Debug|Any CPU
		{0A76F84F-75B8-4251-8F89-0FD8D7EF5E05}.Release|Any CPU.ActiveCfg = Release|Any CPU
		{0A76F84F-75B8-4251-8F89-0FD8D7EF5E05}.Release|Any CPU.Build.0 = Release|Any CPU
	EndGlobalSection
	GlobalSection(SolutionProperties) = preSolution
		HideSolutionNode = FALSE
	EndGlobalSection
	GlobalSection(ExtensibilityGlobals) = postSolution
		SolutionGuid = {2EE61424-2EBD-45E4-94FF-D1AE925F1D27}
	EndGlobalSection
EndGlobal
